// !$*UTF8*$!
{
	archiveVersion = 1;
	classes = {
	};
	objectVersion = 46;
	objects = {

/* Begin PBXBuildFile section */
		0233B94B1F5C91FA003491C0 /* EventTableViewCell.swift in Sources */ = {isa = PBXBuildFile; fileRef = 0233B9491F5C91FA003491C0 /* EventTableViewCell.swift */; };
		0233B94C1F5C91FA003491C0 /* EventTableViewCell.xib in Resources */ = {isa = PBXBuildFile; fileRef = 0233B94A1F5C91FA003491C0 /* EventTableViewCell.xib */; };
		0233B94E1F5CB4E5003491C0 /* EventTableViewCellHeaderView.swift in Sources */ = {isa = PBXBuildFile; fileRef = 0233B94D1F5CB4E5003491C0 /* EventTableViewCellHeaderView.swift */; };
		023EBF2A1F66B99E0070856F /* WeatherAPI.swift in Sources */ = {isa = PBXBuildFile; fileRef = 023EBF291F66B99E0070856F /* WeatherAPI.swift */; };
		023EBF2D1F66BD9F0070856F /* Weather.swift in Sources */ = {isa = PBXBuildFile; fileRef = 023EBF2C1F66BD9F0070856F /* Weather.swift */; };
		023EBF2F1F6756780070856F /* WeatherStore.swift in Sources */ = {isa = PBXBuildFile; fileRef = 023EBF2E1F6756780070856F /* WeatherStore.swift */; };
		023EBF311F67F3A10070856F /* Location.swift in Sources */ = {isa = PBXBuildFile; fileRef = 023EBF301F67F3A10070856F /* Location.swift */; };
		024BDF9F1F5B3CC900CEEAE0 /* AppDelegate.swift in Sources */ = {isa = PBXBuildFile; fileRef = 024BDF9E1F5B3CC900CEEAE0 /* AppDelegate.swift */; };
		024BDFA11F5B3CC900CEEAE0 /* ViewController.swift in Sources */ = {isa = PBXBuildFile; fileRef = 024BDFA01F5B3CC900CEEAE0 /* ViewController.swift */; };
		024BDFA71F5B3CC900CEEAE0 /* Outlook.xcdatamodeld in Sources */ = {isa = PBXBuildFile; fileRef = 024BDFA51F5B3CC900CEEAE0 /* Outlook.xcdatamodeld */; };
		024BDFA91F5B3CC900CEEAE0 /* Assets.xcassets in Resources */ = {isa = PBXBuildFile; fileRef = 024BDFA81F5B3CC900CEEAE0 /* Assets.xcassets */; };
		024BDFAC1F5B3CC900CEEAE0 /* LaunchScreen.storyboard in Resources */ = {isa = PBXBuildFile; fileRef = 024BDFAA1F5B3CC900CEEAE0 /* LaunchScreen.storyboard */; };
		024BDFB71F5B3CCA00CEEAE0 /* OutlookTests.swift in Sources */ = {isa = PBXBuildFile; fileRef = 024BDFB61F5B3CCA00CEEAE0 /* OutlookTests.swift */; };
		024BDFC21F5B3CCA00CEEAE0 /* OutlookUITests.swift in Sources */ = {isa = PBXBuildFile; fileRef = 024BDFC11F5B3CCA00CEEAE0 /* OutlookUITests.swift */; };
		024BDFD11F5B3D4A00CEEAE0 /* OutlookTabBarViewController.swift in Sources */ = {isa = PBXBuildFile; fileRef = 024BDFCF1F5B3D4A00CEEAE0 /* OutlookTabBarViewController.swift */; };
		024BDFD21F5B3D4A00CEEAE0 /* OutlookTabBarViewController.xib in Resources */ = {isa = PBXBuildFile; fileRef = 024BDFD01F5B3D4A00CEEAE0 /* OutlookTabBarViewController.xib */; };
		024BDFD61F5B3DA400CEEAE0 /* MailViewController.swift in Sources */ = {isa = PBXBuildFile; fileRef = 024BDFD41F5B3DA400CEEAE0 /* MailViewController.swift */; };
		024BDFD71F5B3DA400CEEAE0 /* MailViewController.xib in Resources */ = {isa = PBXBuildFile; fileRef = 024BDFD51F5B3DA400CEEAE0 /* MailViewController.xib */; };
		024BDFDB1F5B3DC200CEEAE0 /* CalendarViewController.swift in Sources */ = {isa = PBXBuildFile; fileRef = 024BDFD91F5B3DC200CEEAE0 /* CalendarViewController.swift */; };
		024BDFDC1F5B3DC200CEEAE0 /* CalendarViewController.xib in Resources */ = {isa = PBXBuildFile; fileRef = 024BDFDA1F5B3DC200CEEAE0 /* CalendarViewController.xib */; };
		024BDFDF1F5B3DD200CEEAE0 /* FileViewController.swift in Sources */ = {isa = PBXBuildFile; fileRef = 024BDFDD1F5B3DD200CEEAE0 /* FileViewController.swift */; };
		024BDFE01F5B3DD200CEEAE0 /* FileViewController.xib in Resources */ = {isa = PBXBuildFile; fileRef = 024BDFDE1F5B3DD200CEEAE0 /* FileViewController.xib */; };
		024BDFE31F5B3DE300CEEAE0 /* PeopleViewController.swift in Sources */ = {isa = PBXBuildFile; fileRef = 024BDFE11F5B3DE300CEEAE0 /* PeopleViewController.swift */; };
		024BDFE41F5B3DE300CEEAE0 /* PeopleViewController.xib in Resources */ = {isa = PBXBuildFile; fileRef = 024BDFE21F5B3DE300CEEAE0 /* PeopleViewController.xib */; };
		024BDFE71F5B3F2900CEEAE0 /* DateViewController.swift in Sources */ = {isa = PBXBuildFile; fileRef = 024BDFE51F5B3F2900CEEAE0 /* DateViewController.swift */; };
		024BDFE81F5B3F2900CEEAE0 /* DateViewController.xib in Resources */ = {isa = PBXBuildFile; fileRef = 024BDFE61F5B3F2900CEEAE0 /* DateViewController.xib */; };
		024BDFEC1F5B3F4300CEEAE0 /* EventViewController.swift in Sources */ = {isa = PBXBuildFile; fileRef = 024BDFEA1F5B3F4300CEEAE0 /* EventViewController.swift */; };
		024BDFED1F5B3F4300CEEAE0 /* EventViewController.xib in Resources */ = {isa = PBXBuildFile; fileRef = 024BDFEB1F5B3F4300CEEAE0 /* EventViewController.xib */; };
		024BDFEF1F5B6E5300CEEAE0 /* CalendarConstants.swift in Sources */ = {isa = PBXBuildFile; fileRef = 024BDFEE1F5B6E5300CEEAE0 /* CalendarConstants.swift */; };
		024BDFF11F5B962A00CEEAE0 /* OutlookHelper.swift in Sources */ = {isa = PBXBuildFile; fileRef = 024BDFF01F5B962A00CEEAE0 /* OutlookHelper.swift */; };
		024BDFF51F5BAE6500CEEAE0 /* DateCollectionViewCell.swift in Sources */ = {isa = PBXBuildFile; fileRef = 024BDFF31F5BAE6500CEEAE0 /* DateCollectionViewCell.swift */; };
		024BDFF61F5BAE6500CEEAE0 /* DateCollectionViewCell.xib in Resources */ = {isa = PBXBuildFile; fileRef = 024BDFF41F5BAE6500CEEAE0 /* DateCollectionViewCell.xib */; };
		024BDFF71F5BB5E000CEEAE0 /* Main.storyboard in Resources */ = {isa = PBXBuildFile; fileRef = 024BDFA21F5B3CC900CEEAE0 /* Main.storyboard */; };
		02CC18D41F68272000FF4CCF /* LocationManager.swift in Sources */ = {isa = PBXBuildFile; fileRef = 02CC18D31F68272000FF4CCF /* LocationManager.swift */; };
		02D33FDC1F5CECED0067A87D /* CalendarModel.swift in Sources */ = {isa = PBXBuildFile; fileRef = 02D33FDB1F5CECED0067A87D /* CalendarModel.swift */; };
		02D33FDE1F5CED0C0067A87D /* DateModel.swift in Sources */ = {isa = PBXBuildFile; fileRef = 02D33FDD1F5CED0C0067A87D /* DateModel.swift */; };
		02D33FE01F5CED1D0067A87D /* EventModel.swift in Sources */ = {isa = PBXBuildFile; fileRef = 02D33FDF1F5CED1D0067A87D /* EventModel.swift */; };
		02D33FE31F5D6F0C0067A87D /* CalendarModuleDataProvider.swift in Sources */ = {isa = PBXBuildFile; fileRef = 02D33FE21F5D6F0C0067A87D /* CalendarModuleDataProvider.swift */; };
/* End PBXBuildFile section */

/* Begin PBXContainerItemProxy section */
		024BDFB31F5B3CCA00CEEAE0 /* PBXContainerItemProxy */ = {
			isa = PBXContainerItemProxy;
			containerPortal = 024BDF931F5B3CC900CEEAE0 /* Project object */;
			proxyType = 1;
			remoteGlobalIDString = 024BDF9A1F5B3CC900CEEAE0;
			remoteInfo = Outlook;
		};
		024BDFBE1F5B3CCA00CEEAE0 /* PBXContainerItemProxy */ = {
			isa = PBXContainerItemProxy;
			containerPortal = 024BDF931F5B3CC900CEEAE0 /* Project object */;
			proxyType = 1;
			remoteGlobalIDString = 024BDF9A1F5B3CC900CEEAE0;
			remoteInfo = Outlook;
		};
/* End PBXContainerItemProxy section */

/* Begin PBXFileReference section */
		0233B9491F5C91FA003491C0 /* EventTableViewCell.swift */ = {isa = PBXFileReference; fileEncoding = 4; lastKnownFileType = sourcecode.swift; name = EventTableViewCell.swift; path = CalendarModule/EventTableViewCell.swift; sourceTree = "<group>"; };
		0233B94A1F5C91FA003491C0 /* EventTableViewCell.xib */ = {isa = PBXFileReference; fileEncoding = 4; lastKnownFileType = file.xib; name = EventTableViewCell.xib; path = CalendarModule/EventTableViewCell.xib; sourceTree = "<group>"; };
		0233B94D1F5CB4E5003491C0 /* EventTableViewCellHeaderView.swift */ = {isa = PBXFileReference; fileEncoding = 4; lastKnownFileType = sourcecode.swift; name = EventTableViewCellHeaderView.swift; path = CalendarModule/EventTableViewCellHeaderView.swift; sourceTree = "<group>"; };
		023EBF291F66B99E0070856F /* WeatherAPI.swift */ = {isa = PBXFileReference; fileEncoding = 4; lastKnownFileType = sourcecode.swift; name = WeatherAPI.swift; path = CalendarModule/Services/WeatherAPI.swift; sourceTree = "<group>"; };
		023EBF2C1F66BD9F0070856F /* Weather.swift */ = {isa = PBXFileReference; fileEncoding = 4; lastKnownFileType = sourcecode.swift; name = Weather.swift; path = CalendarModule/Model/Weather.swift; sourceTree = "<group>"; };
		023EBF2E1F6756780070856F /* WeatherStore.swift */ = {isa = PBXFileReference; fileEncoding = 4; lastKnownFileType = sourcecode.swift; name = WeatherStore.swift; path = CalendarModule/Services/WeatherStore.swift; sourceTree = "<group>"; };
		023EBF301F67F3A10070856F /* Location.swift */ = {isa = PBXFileReference; fileEncoding = 4; lastKnownFileType = sourcecode.swift; name = Location.swift; path = CalendarModule/Model/Location.swift; sourceTree = "<group>"; };
		024BDF9B1F5B3CC900CEEAE0 /* Outlook.app */ = {isa = PBXFileReference; explicitFileType = wrapper.application; includeInIndex = 0; path = Outlook.app; sourceTree = BUILT_PRODUCTS_DIR; };
		024BDF9E1F5B3CC900CEEAE0 /* AppDelegate.swift */ = {isa = PBXFileReference; lastKnownFileType = sourcecode.swift; path = AppDelegate.swift; sourceTree = "<group>"; };
		024BDFA01F5B3CC900CEEAE0 /* ViewController.swift */ = {isa = PBXFileReference; lastKnownFileType = sourcecode.swift; path = ViewController.swift; sourceTree = "<group>"; };
		024BDFA31F5B3CC900CEEAE0 /* Base */ = {isa = PBXFileReference; lastKnownFileType = file.storyboard; name = Base; path = Base.lproj/Main.storyboard; sourceTree = "<group>"; };
		024BDFA61F5B3CC900CEEAE0 /* Outlook.xcdatamodel */ = {isa = PBXFileReference; lastKnownFileType = wrapper.xcdatamodel; path = Outlook.xcdatamodel; sourceTree = "<group>"; };
		024BDFA81F5B3CC900CEEAE0 /* Assets.xcassets */ = {isa = PBXFileReference; lastKnownFileType = folder.assetcatalog; path = Assets.xcassets; sourceTree = "<group>"; };
		024BDFAB1F5B3CC900CEEAE0 /* Base */ = {isa = PBXFileReference; lastKnownFileType = file.storyboard; name = Base; path = Base.lproj/LaunchScreen.storyboard; sourceTree = "<group>"; };
		024BDFAD1F5B3CC900CEEAE0 /* Info.plist */ = {isa = PBXFileReference; lastKnownFileType = text.plist.xml; path = Info.plist; sourceTree = "<group>"; };
		024BDFB21F5B3CCA00CEEAE0 /* OutlookTests.xctest */ = {isa = PBXFileReference; explicitFileType = wrapper.cfbundle; includeInIndex = 0; path = OutlookTests.xctest; sourceTree = BUILT_PRODUCTS_DIR; };
		024BDFB61F5B3CCA00CEEAE0 /* OutlookTests.swift */ = {isa = PBXFileReference; lastKnownFileType = sourcecode.swift; path = OutlookTests.swift; sourceTree = "<group>"; };
		024BDFB81F5B3CCA00CEEAE0 /* Info.plist */ = {isa = PBXFileReference; lastKnownFileType = text.plist.xml; path = Info.plist; sourceTree = "<group>"; };
		024BDFBD1F5B3CCA00CEEAE0 /* OutlookUITests.xctest */ = {isa = PBXFileReference; explicitFileType = wrapper.cfbundle; includeInIndex = 0; path = OutlookUITests.xctest; sourceTree = BUILT_PRODUCTS_DIR; };
		024BDFC11F5B3CCA00CEEAE0 /* OutlookUITests.swift */ = {isa = PBXFileReference; lastKnownFileType = sourcecode.swift; path = OutlookUITests.swift; sourceTree = "<group>"; };
		024BDFC31F5B3CCA00CEEAE0 /* Info.plist */ = {isa = PBXFileReference; lastKnownFileType = text.plist.xml; path = Info.plist; sourceTree = "<group>"; };
		024BDFCF1F5B3D4A00CEEAE0 /* OutlookTabBarViewController.swift */ = {isa = PBXFileReference; fileEncoding = 4; lastKnownFileType = sourcecode.swift; name = OutlookTabBarViewController.swift; path = TabBar/OutlookTabBarViewController.swift; sourceTree = "<group>"; };
		024BDFD01F5B3D4A00CEEAE0 /* OutlookTabBarViewController.xib */ = {isa = PBXFileReference; fileEncoding = 4; lastKnownFileType = file.xib; name = OutlookTabBarViewController.xib; path = TabBar/OutlookTabBarViewController.xib; sourceTree = "<group>"; };
		024BDFD41F5B3DA400CEEAE0 /* MailViewController.swift */ = {isa = PBXFileReference; fileEncoding = 4; lastKnownFileType = sourcecode.swift; name = MailViewController.swift; path = ViewControllers/MailViewController.swift; sourceTree = "<group>"; };
		024BDFD51F5B3DA400CEEAE0 /* MailViewController.xib */ = {isa = PBXFileReference; fileEncoding = 4; lastKnownFileType = file.xib; name = MailViewController.xib; path = ViewControllers/MailViewController.xib; sourceTree = "<group>"; };
		024BDFD91F5B3DC200CEEAE0 /* CalendarViewController.swift */ = {isa = PBXFileReference; fileEncoding = 4; lastKnownFileType = sourcecode.swift; name = CalendarViewController.swift; path = ViewControllers/CalendarViewController.swift; sourceTree = "<group>"; };
		024BDFDA1F5B3DC200CEEAE0 /* CalendarViewController.xib */ = {isa = PBXFileReference; fileEncoding = 4; lastKnownFileType = file.xib; name = CalendarViewController.xib; path = ViewControllers/CalendarViewController.xib; sourceTree = "<group>"; };
		024BDFDD1F5B3DD200CEEAE0 /* FileViewController.swift */ = {isa = PBXFileReference; fileEncoding = 4; lastKnownFileType = sourcecode.swift; name = FileViewController.swift; path = ViewControllers/FileViewController.swift; sourceTree = "<group>"; };
		024BDFDE1F5B3DD200CEEAE0 /* FileViewController.xib */ = {isa = PBXFileReference; fileEncoding = 4; lastKnownFileType = file.xib; name = FileViewController.xib; path = ViewControllers/FileViewController.xib; sourceTree = "<group>"; };
		024BDFE11F5B3DE300CEEAE0 /* PeopleViewController.swift */ = {isa = PBXFileReference; fileEncoding = 4; lastKnownFileType = sourcecode.swift; name = PeopleViewController.swift; path = ViewControllers/PeopleViewController.swift; sourceTree = "<group>"; };
		024BDFE21F5B3DE300CEEAE0 /* PeopleViewController.xib */ = {isa = PBXFileReference; fileEncoding = 4; lastKnownFileType = file.xib; name = PeopleViewController.xib; path = ViewControllers/PeopleViewController.xib; sourceTree = "<group>"; };
		024BDFE51F5B3F2900CEEAE0 /* DateViewController.swift */ = {isa = PBXFileReference; fileEncoding = 4; lastKnownFileType = sourcecode.swift; name = DateViewController.swift; path = CalendarModule/DateViewController.swift; sourceTree = "<group>"; };
		024BDFE61F5B3F2900CEEAE0 /* DateViewController.xib */ = {isa = PBXFileReference; fileEncoding = 4; lastKnownFileType = file.xib; name = DateViewController.xib; path = CalendarModule/DateViewController.xib; sourceTree = "<group>"; };
		024BDFEA1F5B3F4300CEEAE0 /* EventViewController.swift */ = {isa = PBXFileReference; fileEncoding = 4; lastKnownFileType = sourcecode.swift; name = EventViewController.swift; path = CalendarModule/EventViewController.swift; sourceTree = "<group>"; };
		024BDFEB1F5B3F4300CEEAE0 /* EventViewController.xib */ = {isa = PBXFileReference; fileEncoding = 4; lastKnownFileType = file.xib; name = EventViewController.xib; path = CalendarModule/EventViewController.xib; sourceTree = "<group>"; };
		024BDFEE1F5B6E5300CEEAE0 /* CalendarConstants.swift */ = {isa = PBXFileReference; fileEncoding = 4; lastKnownFileType = sourcecode.swift; name = CalendarConstants.swift; path = CalendarModule/CalendarConstants.swift; sourceTree = "<group>"; };
		024BDFF01F5B962A00CEEAE0 /* OutlookHelper.swift */ = {isa = PBXFileReference; fileEncoding = 4; lastKnownFileType = sourcecode.swift; name = OutlookHelper.swift; path = UtilityHelper/OutlookHelper.swift; sourceTree = "<group>"; };
		024BDFF31F5BAE6500CEEAE0 /* DateCollectionViewCell.swift */ = {isa = PBXFileReference; fileEncoding = 4; lastKnownFileType = sourcecode.swift; name = DateCollectionViewCell.swift; path = CalendarModule/DateCollectionViewCell.swift; sourceTree = "<group>"; };
		024BDFF41F5BAE6500CEEAE0 /* DateCollectionViewCell.xib */ = {isa = PBXFileReference; fileEncoding = 4; lastKnownFileType = file.xib; name = DateCollectionViewCell.xib; path = CalendarModule/DateCollectionViewCell.xib; sourceTree = "<group>"; };
		02CC18D31F68272000FF4CCF /* LocationManager.swift */ = {isa = PBXFileReference; fileEncoding = 4; lastKnownFileType = sourcecode.swift; name = LocationManager.swift; path = CalendarModule/Services/LocationManager.swift; sourceTree = "<group>"; };
		02D33FDB1F5CECED0067A87D /* CalendarModel.swift */ = {isa = PBXFileReference; fileEncoding = 4; lastKnownFileType = sourcecode.swift; name = CalendarModel.swift; path = CalendarModule/Model/CalendarModel.swift; sourceTree = "<group>"; };
		02D33FDD1F5CED0C0067A87D /* DateModel.swift */ = {isa = PBXFileReference; fileEncoding = 4; lastKnownFileType = sourcecode.swift; name = DateModel.swift; path = CalendarModule/Model/DateModel.swift; sourceTree = "<group>"; };
		02D33FDF1F5CED1D0067A87D /* EventModel.swift */ = {isa = PBXFileReference; fileEncoding = 4; lastKnownFileType = sourcecode.swift; name = EventModel.swift; path = CalendarModule/Model/EventModel.swift; sourceTree = "<group>"; };
		02D33FE21F5D6F0C0067A87D /* CalendarModuleDataProvider.swift */ = {isa = PBXFileReference; fileEncoding = 4; lastKnownFileType = sourcecode.swift; name = CalendarModuleDataProvider.swift; path = CalendarModule/Model/CalendarModuleDataProvider.swift; sourceTree = "<group>"; };
/* End PBXFileReference section */

/* Begin PBXFrameworksBuildPhase section */
		024BDF981F5B3CC900CEEAE0 /* Frameworks */ = {
			isa = PBXFrameworksBuildPhase;
			buildActionMask = 2147483647;
			files = (
			);
			runOnlyForDeploymentPostprocessing = 0;
		};
		024BDFAF1F5B3CCA00CEEAE0 /* Frameworks */ = {
			isa = PBXFrameworksBuildPhase;
			buildActionMask = 2147483647;
			files = (
			);
			runOnlyForDeploymentPostprocessing = 0;
		};
		024BDFBA1F5B3CCA00CEEAE0 /* Frameworks */ = {
			isa = PBXFrameworksBuildPhase;
			buildActionMask = 2147483647;
			files = (
			);
			runOnlyForDeploymentPostprocessing = 0;
		};
/* End PBXFrameworksBuildPhase section */

/* Begin PBXGroup section */
		023EBF2B1F66B9A40070856F /* Services */ = {
			isa = PBXGroup;
			children = (
				023EBF291F66B99E0070856F /* WeatherAPI.swift */,
				023EBF2E1F6756780070856F /* WeatherStore.swift */,
				02CC18D31F68272000FF4CCF /* LocationManager.swift */,
			);
			name = Services;
			sourceTree = "<group>";
		};
		024BDF921F5B3CC900CEEAE0 = {
			isa = PBXGroup;
			children = (
				024BDF9D1F5B3CC900CEEAE0 /* Outlook */,
				024BDFB51F5B3CCA00CEEAE0 /* OutlookTests */,
				024BDFC01F5B3CCA00CEEAE0 /* OutlookUITests */,
				024BDF9C1F5B3CC900CEEAE0 /* Products */,
			);
			sourceTree = "<group>";
		};
		024BDF9C1F5B3CC900CEEAE0 /* Products */ = {
			isa = PBXGroup;
			children = (
				024BDF9B1F5B3CC900CEEAE0 /* Outlook.app */,
				024BDFB21F5B3CCA00CEEAE0 /* OutlookTests.xctest */,
				024BDFBD1F5B3CCA00CEEAE0 /* OutlookUITests.xctest */,
			);
			name = Products;
			sourceTree = "<group>";
		};
		024BDF9D1F5B3CC900CEEAE0 /* Outlook */ = {
			isa = PBXGroup;
			children = (
				024BDF9E1F5B3CC900CEEAE0 /* AppDelegate.swift */,
				024BDFA01F5B3CC900CEEAE0 /* ViewController.swift */,
				024BDFA21F5B3CC900CEEAE0 /* Main.storyboard */,
				024BDFA81F5B3CC900CEEAE0 /* Assets.xcassets */,
				024BDFAA1F5B3CC900CEEAE0 /* LaunchScreen.storyboard */,
				024BDFAD1F5B3CC900CEEAE0 /* Info.plist */,
				024BDFA51F5B3CC900CEEAE0 /* Outlook.xcdatamodeld */,
				024BDFD31F5B3D4E00CEEAE0 /* TabBar */,
				024BDFD81F5B3DA900CEEAE0 /* ViewControllers */,
				024BDFE91F5B3F2D00CEEAE0 /* CalendarModule */,
				024BDFF21F5B962F00CEEAE0 /* UtilityHelper */,
			);
			path = Outlook;
			sourceTree = "<group>";
		};
		024BDFB51F5B3CCA00CEEAE0 /* OutlookTests */ = {
			isa = PBXGroup;
			children = (
				024BDFB61F5B3CCA00CEEAE0 /* OutlookTests.swift */,
				024BDFB81F5B3CCA00CEEAE0 /* Info.plist */,
			);
			path = OutlookTests;
			sourceTree = "<group>";
		};
		024BDFC01F5B3CCA00CEEAE0 /* OutlookUITests */ = {
			isa = PBXGroup;
			children = (
				024BDFC11F5B3CCA00CEEAE0 /* OutlookUITests.swift */,
				024BDFC31F5B3CCA00CEEAE0 /* Info.plist */,
			);
			path = OutlookUITests;
			sourceTree = "<group>";
		};
		024BDFD31F5B3D4E00CEEAE0 /* TabBar */ = {
			isa = PBXGroup;
			children = (
				024BDFCF1F5B3D4A00CEEAE0 /* OutlookTabBarViewController.swift */,
				024BDFD01F5B3D4A00CEEAE0 /* OutlookTabBarViewController.xib */,
			);
			name = TabBar;
			sourceTree = "<group>";
		};
		024BDFD81F5B3DA900CEEAE0 /* ViewControllers */ = {
			isa = PBXGroup;
			children = (
				024BDFD41F5B3DA400CEEAE0 /* MailViewController.swift */,
				024BDFD51F5B3DA400CEEAE0 /* MailViewController.xib */,
				024BDFD91F5B3DC200CEEAE0 /* CalendarViewController.swift */,
				024BDFDA1F5B3DC200CEEAE0 /* CalendarViewController.xib */,
				024BDFDD1F5B3DD200CEEAE0 /* FileViewController.swift */,
				024BDFDE1F5B3DD200CEEAE0 /* FileViewController.xib */,
				024BDFE11F5B3DE300CEEAE0 /* PeopleViewController.swift */,
				024BDFE21F5B3DE300CEEAE0 /* PeopleViewController.xib */,
			);
			name = ViewControllers;
			sourceTree = "<group>";
		};
		024BDFE91F5B3F2D00CEEAE0 /* CalendarModule */ = {
			isa = PBXGroup;
			children = (
				024BDFE51F5B3F2900CEEAE0 /* DateViewController.swift */,
				024BDFE61F5B3F2900CEEAE0 /* DateViewController.xib */,
				024BDFEA1F5B3F4300CEEAE0 /* EventViewController.swift */,
				024BDFEB1F5B3F4300CEEAE0 /* EventViewController.xib */,
				024BDFF31F5BAE6500CEEAE0 /* DateCollectionViewCell.swift */,
				024BDFF41F5BAE6500CEEAE0 /* DateCollectionViewCell.xib */,
				0233B9491F5C91FA003491C0 /* EventTableViewCell.swift */,
				0233B94A1F5C91FA003491C0 /* EventTableViewCell.xib */,
				0233B94D1F5CB4E5003491C0 /* EventTableViewCellHeaderView.swift */,
				02D33FE11F5CED210067A87D /* Model */,
				023EBF2B1F66B9A40070856F /* Services */,
			);
			name = CalendarModule;
			sourceTree = "<group>";
		};
		024BDFF21F5B962F00CEEAE0 /* UtilityHelper */ = {
			isa = PBXGroup;
			children = (
				024BDFF01F5B962A00CEEAE0 /* OutlookHelper.swift */,
			);
			name = UtilityHelper;
			sourceTree = "<group>";
		};
		02D33FE11F5CED210067A87D /* Model */ = {
			isa = PBXGroup;
			children = (
				024BDFEE1F5B6E5300CEEAE0 /* CalendarConstants.swift */,
				02D33FDB1F5CECED0067A87D /* CalendarModel.swift */,
				02D33FDD1F5CED0C0067A87D /* DateModel.swift */,
				02D33FDF1F5CED1D0067A87D /* EventModel.swift */,
				02D33FE21F5D6F0C0067A87D /* CalendarModuleDataProvider.swift */,
				023EBF2C1F66BD9F0070856F /* Weather.swift */,
				023EBF301F67F3A10070856F /* Location.swift */,
			);
			name = Model;
			sourceTree = "<group>";
		};
/* End PBXGroup section */

/* Begin PBXNativeTarget section */
		024BDF9A1F5B3CC900CEEAE0 /* Outlook */ = {
			isa = PBXNativeTarget;
			buildConfigurationList = 024BDFC61F5B3CCA00CEEAE0 /* Build configuration list for PBXNativeTarget "Outlook" */;
			buildPhases = (
				024BDF971F5B3CC900CEEAE0 /* Sources */,
				024BDF981F5B3CC900CEEAE0 /* Frameworks */,
				024BDF991F5B3CC900CEEAE0 /* Resources */,
			);
			buildRules = (
			);
			dependencies = (
			);
			name = Outlook;
			productName = Outlook;
			productReference = 024BDF9B1F5B3CC900CEEAE0 /* Outlook.app */;
			productType = "com.apple.product-type.application";
		};
		024BDFB11F5B3CCA00CEEAE0 /* OutlookTests */ = {
			isa = PBXNativeTarget;
			buildConfigurationList = 024BDFC91F5B3CCA00CEEAE0 /* Build configuration list for PBXNativeTarget "OutlookTests" */;
			buildPhases = (
				024BDFAE1F5B3CCA00CEEAE0 /* Sources */,
				024BDFAF1F5B3CCA00CEEAE0 /* Frameworks */,
				024BDFB01F5B3CCA00CEEAE0 /* Resources */,
			);
			buildRules = (
			);
			dependencies = (
				024BDFB41F5B3CCA00CEEAE0 /* PBXTargetDependency */,
			);
			name = OutlookTests;
			productName = OutlookTests;
			productReference = 024BDFB21F5B3CCA00CEEAE0 /* OutlookTests.xctest */;
			productType = "com.apple.product-type.bundle.unit-test";
		};
		024BDFBC1F5B3CCA00CEEAE0 /* OutlookUITests */ = {
			isa = PBXNativeTarget;
			buildConfigurationList = 024BDFCC1F5B3CCA00CEEAE0 /* Build configuration list for PBXNativeTarget "OutlookUITests" */;
			buildPhases = (
				024BDFB91F5B3CCA00CEEAE0 /* Sources */,
				024BDFBA1F5B3CCA00CEEAE0 /* Frameworks */,
				024BDFBB1F5B3CCA00CEEAE0 /* Resources */,
			);
			buildRules = (
			);
			dependencies = (
				024BDFBF1F5B3CCA00CEEAE0 /* PBXTargetDependency */,
			);
			name = OutlookUITests;
			productName = OutlookUITests;
			productReference = 024BDFBD1F5B3CCA00CEEAE0 /* OutlookUITests.xctest */;
			productType = "com.apple.product-type.bundle.ui-testing";
		};
/* End PBXNativeTarget section */

/* Begin PBXProject section */
		024BDF931F5B3CC900CEEAE0 /* Project object */ = {
			isa = PBXProject;
			attributes = {
				LastSwiftUpdateCheck = 0830;
				LastUpgradeCheck = 0830;
				ORGANIZATIONNAME = "abhishek dutt";
				TargetAttributes = {
					024BDF9A1F5B3CC900CEEAE0 = {
						CreatedOnToolsVersion = 8.3.3;
						DevelopmentTeam = 236WEL7W7T;
						ProvisioningStyle = Automatic;
					};
					024BDFB11F5B3CCA00CEEAE0 = {
						CreatedOnToolsVersion = 8.3.3;
						DevelopmentTeam = 236WEL7W7T;
						ProvisioningStyle = Automatic;
						TestTargetID = 024BDF9A1F5B3CC900CEEAE0;
					};
					024BDFBC1F5B3CCA00CEEAE0 = {
						CreatedOnToolsVersion = 8.3.3;
						DevelopmentTeam = 236WEL7W7T;
						ProvisioningStyle = Automatic;
						TestTargetID = 024BDF9A1F5B3CC900CEEAE0;
					};
				};
			};
			buildConfigurationList = 024BDF961F5B3CC900CEEAE0 /* Build configuration list for PBXProject "Outlook" */;
			compatibilityVersion = "Xcode 3.2";
			developmentRegion = English;
			hasScannedForEncodings = 0;
			knownRegions = (
				en,
				Base,
			);
			mainGroup = 024BDF921F5B3CC900CEEAE0;
			productRefGroup = 024BDF9C1F5B3CC900CEEAE0 /* Products */;
			projectDirPath = "";
			projectRoot = "";
			targets = (
				024BDF9A1F5B3CC900CEEAE0 /* Outlook */,
				024BDFB11F5B3CCA00CEEAE0 /* OutlookTests */,
				024BDFBC1F5B3CCA00CEEAE0 /* OutlookUITests */,
			);
		};
/* End PBXProject section */

/* Begin PBXResourcesBuildPhase section */
		024BDF991F5B3CC900CEEAE0 /* Resources */ = {
			isa = PBXResourcesBuildPhase;
			buildActionMask = 2147483647;
			files = (
				0233B94C1F5C91FA003491C0 /* EventTableViewCell.xib in Resources */,
				024BDFF71F5BB5E000CEEAE0 /* Main.storyboard in Resources */,
				024BDFD21F5B3D4A00CEEAE0 /* OutlookTabBarViewController.xib in Resources */,
				024BDFF61F5BAE6500CEEAE0 /* DateCollectionViewCell.xib in Resources */,
				024BDFE01F5B3DD200CEEAE0 /* FileViewController.xib in Resources */,
				024BDFD71F5B3DA400CEEAE0 /* MailViewController.xib in Resources */,
				024BDFDC1F5B3DC200CEEAE0 /* CalendarViewController.xib in Resources */,
				024BDFAC1F5B3CC900CEEAE0 /* LaunchScreen.storyboard in Resources */,
				024BDFE81F5B3F2900CEEAE0 /* DateViewController.xib in Resources */,
				024BDFE41F5B3DE300CEEAE0 /* PeopleViewController.xib in Resources */,
				024BDFED1F5B3F4300CEEAE0 /* EventViewController.xib in Resources */,
				024BDFA91F5B3CC900CEEAE0 /* Assets.xcassets in Resources */,
			);
			runOnlyForDeploymentPostprocessing = 0;
		};
		024BDFB01F5B3CCA00CEEAE0 /* Resources */ = {
			isa = PBXResourcesBuildPhase;
			buildActionMask = 2147483647;
			files = (
			);
			runOnlyForDeploymentPostprocessing = 0;
		};
		024BDFBB1F5B3CCA00CEEAE0 /* Resources */ = {
			isa = PBXResourcesBuildPhase;
			buildActionMask = 2147483647;
			files = (
			);
			runOnlyForDeploymentPostprocessing = 0;
		};
/* End PBXResourcesBuildPhase section */

/* Begin PBXSourcesBuildPhase section */
		024BDF971F5B3CC900CEEAE0 /* Sources */ = {
			isa = PBXSourcesBuildPhase;
			buildActionMask = 2147483647;
			files = (
				024BDFEF1F5B6E5300CEEAE0 /* CalendarConstants.swift in Sources */,
				024BDFDB1F5B3DC200CEEAE0 /* CalendarViewController.swift in Sources */,
				02D33FDE1F5CED0C0067A87D /* DateModel.swift in Sources */,
				024BDFE31F5B3DE300CEEAE0 /* PeopleViewController.swift in Sources */,
				024BDFF11F5B962A00CEEAE0 /* OutlookHelper.swift in Sources */,
				0233B94B1F5C91FA003491C0 /* EventTableViewCell.swift in Sources */,
				02D33FE31F5D6F0C0067A87D /* CalendarModuleDataProvider.swift in Sources */,
				024BDFD11F5B3D4A00CEEAE0 /* OutlookTabBarViewController.swift in Sources */,
				023EBF2F1F6756780070856F /* WeatherStore.swift in Sources */,
				024BDFA11F5B3CC900CEEAE0 /* ViewController.swift in Sources */,
				024BDF9F1F5B3CC900CEEAE0 /* AppDelegate.swift in Sources */,
				024BDFEC1F5B3F4300CEEAE0 /* EventViewController.swift in Sources */,
				02D33FE01F5CED1D0067A87D /* EventModel.swift in Sources */,
				02D33FDC1F5CECED0067A87D /* CalendarModel.swift in Sources */,
				023EBF311F67F3A10070856F /* Location.swift in Sources */,
				023EBF2D1F66BD9F0070856F /* Weather.swift in Sources */,
				024BDFA71F5B3CC900CEEAE0 /* Outlook.xcdatamodeld in Sources */,
				0233B94E1F5CB4E5003491C0 /* EventTableViewCellHeaderView.swift in Sources */,
				024BDFD61F5B3DA400CEEAE0 /* MailViewController.swift in Sources */,
				024BDFE71F5B3F2900CEEAE0 /* DateViewController.swift in Sources */,
				02CC18D41F68272000FF4CCF /* LocationManager.swift in Sources */,
				023EBF2A1F66B99E0070856F /* WeatherAPI.swift in Sources */,
				024BDFDF1F5B3DD200CEEAE0 /* FileViewController.swift in Sources */,
				024BDFF51F5BAE6500CEEAE0 /* DateCollectionViewCell.swift in Sources */,
			);
			runOnlyForDeploymentPostprocessing = 0;
		};
		024BDFAE1F5B3CCA00CEEAE0 /* Sources */ = {
			isa = PBXSourcesBuildPhase;
			buildActionMask = 2147483647;
			files = (
				024BDFB71F5B3CCA00CEEAE0 /* OutlookTests.swift in Sources */,
			);
			runOnlyForDeploymentPostprocessing = 0;
		};
		024BDFB91F5B3CCA00CEEAE0 /* Sources */ = {
			isa = PBXSourcesBuildPhase;
			buildActionMask = 2147483647;
			files = (
				024BDFC21F5B3CCA00CEEAE0 /* OutlookUITests.swift in Sources */,
			);
			runOnlyForDeploymentPostprocessing = 0;
		};
/* End PBXSourcesBuildPhase section */

/* Begin PBXTargetDependency section */
		024BDFB41F5B3CCA00CEEAE0 /* PBXTargetDependency */ = {
			isa = PBXTargetDependency;
			target = 024BDF9A1F5B3CC900CEEAE0 /* Outlook */;
			targetProxy = 024BDFB31F5B3CCA00CEEAE0 /* PBXContainerItemProxy */;
		};
		024BDFBF1F5B3CCA00CEEAE0 /* PBXTargetDependency */ = {
			isa = PBXTargetDependency;
			target = 024BDF9A1F5B3CC900CEEAE0 /* Outlook */;
			targetProxy = 024BDFBE1F5B3CCA00CEEAE0 /* PBXContainerItemProxy */;
		};
/* End PBXTargetDependency section */

/* Begin PBXVariantGroup section */
		024BDFA21F5B3CC900CEEAE0 /* Main.storyboard */ = {
			isa = PBXVariantGroup;
			children = (
				024BDFA31F5B3CC900CEEAE0 /* Base */,
			);
			name = Main.storyboard;
			sourceTree = "<group>";
		};
		024BDFAA1F5B3CC900CEEAE0 /* LaunchScreen.storyboard */ = {
			isa = PBXVariantGroup;
			children = (
				024BDFAB1F5B3CC900CEEAE0 /* Base */,
			);
			name = LaunchScreen.storyboard;
			sourceTree = "<group>";
		};
/* End PBXVariantGroup section */

/* Begin XCBuildConfiguration section */
		024BDFC41F5B3CCA00CEEAE0 /* Debug */ = {
			isa = XCBuildConfiguration;
			buildSettings = {
				ALWAYS_SEARCH_USER_PATHS = NO;
				CLANG_ANALYZER_NONNULL = YES;
				CLANG_ANALYZER_NUMBER_OBJECT_CONVERSION = YES_AGGRESSIVE;
				CLANG_CXX_LANGUAGE_STANDARD = "gnu++0x";
				CLANG_CXX_LIBRARY = "libc++";
				CLANG_ENABLE_MODULES = YES;
				CLANG_ENABLE_OBJC_ARC = YES;
				CLANG_WARN_BOOL_CONVERSION = YES;
				CLANG_WARN_CONSTANT_CONVERSION = YES;
				CLANG_WARN_DIRECT_OBJC_ISA_USAGE = YES_ERROR;
				CLANG_WARN_DOCUMENTATION_COMMENTS = YES;
				CLANG_WARN_EMPTY_BODY = YES;
				CLANG_WARN_ENUM_CONVERSION = YES;
				CLANG_WARN_INFINITE_RECURSION = YES;
				CLANG_WARN_INT_CONVERSION = YES;
				CLANG_WARN_OBJC_ROOT_CLASS = YES_ERROR;
				CLANG_WARN_SUSPICIOUS_MOVE = YES;
				CLANG_WARN_UNREACHABLE_CODE = YES;
				CLANG_WARN__DUPLICATE_METHOD_MATCH = YES;
				"CODE_SIGN_IDENTITY[sdk=iphoneos*]" = "iPhone Developer";
				COPY_PHASE_STRIP = NO;
				DEBUG_INFORMATION_FORMAT = dwarf;
				ENABLE_STRICT_OBJC_MSGSEND = YES;
				ENABLE_TESTABILITY = YES;
				GCC_C_LANGUAGE_STANDARD = gnu99;
				GCC_DYNAMIC_NO_PIC = NO;
				GCC_NO_COMMON_BLOCKS = YES;
				GCC_OPTIMIZATION_LEVEL = 0;
				GCC_PREPROCESSOR_DEFINITIONS = (
					"DEBUG=1",
					"$(inherited)",
				);
				GCC_WARN_64_TO_32_BIT_CONVERSION = YES;
				GCC_WARN_ABOUT_RETURN_TYPE = YES_ERROR;
				GCC_WARN_UNDECLARED_SELECTOR = YES;
				GCC_WARN_UNINITIALIZED_AUTOS = YES_AGGRESSIVE;
				GCC_WARN_UNUSED_FUNCTION = YES;
				GCC_WARN_UNUSED_VARIABLE = YES;
				IPHONEOS_DEPLOYMENT_TARGET = 10.3;
				MTL_ENABLE_DEBUG_INFO = YES;
				ONLY_ACTIVE_ARCH = YES;
				SDKROOT = iphoneos;
				SWIFT_ACTIVE_COMPILATION_CONDITIONS = DEBUG;
				SWIFT_OPTIMIZATION_LEVEL = "-Onone";
			};
			name = Debug;
		};
		024BDFC51F5B3CCA00CEEAE0 /* Release */ = {
			isa = XCBuildConfiguration;
			buildSettings = {
				ALWAYS_SEARCH_USER_PATHS = NO;
				CLANG_ANALYZER_NONNULL = YES;
				CLANG_ANALYZER_NUMBER_OBJECT_CONVERSION = YES_AGGRESSIVE;
				CLANG_CXX_LANGUAGE_STANDARD = "gnu++0x";
				CLANG_CXX_LIBRARY = "libc++";
				CLANG_ENABLE_MODULES = YES;
				CLANG_ENABLE_OBJC_ARC = YES;
				CLANG_WARN_BOOL_CONVERSION = YES;
				CLANG_WARN_CONSTANT_CONVERSION = YES;
				CLANG_WARN_DIRECT_OBJC_ISA_USAGE = YES_ERROR;
				CLANG_WARN_DOCUMENTATION_COMMENTS = YES;
				CLANG_WARN_EMPTY_BODY = YES;
				CLANG_WARN_ENUM_CONVERSION = YES;
				CLANG_WARN_INFINITE_RECURSION = YES;
				CLANG_WARN_INT_CONVERSION = YES;
				CLANG_WARN_OBJC_ROOT_CLASS = YES_ERROR;
				CLANG_WARN_SUSPICIOUS_MOVE = YES;
				CLANG_WARN_UNREACHABLE_CODE = YES;
				CLANG_WARN__DUPLICATE_METHOD_MATCH = YES;
				"CODE_SIGN_IDENTITY[sdk=iphoneos*]" = "iPhone Developer";
				COPY_PHASE_STRIP = NO;
				DEBUG_INFORMATION_FORMAT = "dwarf-with-dsym";
				ENABLE_NS_ASSERTIONS = NO;
				ENABLE_STRICT_OBJC_MSGSEND = YES;
				GCC_C_LANGUAGE_STANDARD = gnu99;
				GCC_NO_COMMON_BLOCKS = YES;
				GCC_WARN_64_TO_32_BIT_CONVERSION = YES;
				GCC_WARN_ABOUT_RETURN_TYPE = YES_ERROR;
				GCC_WARN_UNDECLARED_SELECTOR = YES;
				GCC_WARN_UNINITIALIZED_AUTOS = YES_AGGRESSIVE;
				GCC_WARN_UNUSED_FUNCTION = YES;
				GCC_WARN_UNUSED_VARIABLE = YES;
				IPHONEOS_DEPLOYMENT_TARGET = 10.3;
				MTL_ENABLE_DEBUG_INFO = NO;
				SDKROOT = iphoneos;
				SWIFT_OPTIMIZATION_LEVEL = "-Owholemodule";
				VALIDATE_PRODUCT = YES;
			};
			name = Release;
		};
		024BDFC71F5B3CCA00CEEAE0 /* Debug */ = {
			isa = XCBuildConfiguration;
			buildSettings = {
				ASSETCATALOG_COMPILER_APPICON_NAME = AppIcon;
				DEVELOPMENT_TEAM = 236WEL7W7T;
				INFOPLIST_FILE = Outlook/Info.plist;
				LD_RUNPATH_SEARCH_PATHS = "$(inherited) @executable_path/Frameworks";
				PRODUCT_BUNDLE_IDENTIFIER = com.quikr.Outlook;
				PRODUCT_NAME = "$(TARGET_NAME)";
				SWIFT_VERSION = 3.0;
			};
			name = Debug;
		};
		024BDFC81F5B3CCA00CEEAE0 /* Release */ = {
			isa = XCBuildConfiguration;
			buildSettings = {
				ASSETCATALOG_COMPILER_APPICON_NAME = AppIcon;
				DEVELOPMENT_TEAM = 236WEL7W7T;
				INFOPLIST_FILE = Outlook/Info.plist;
				LD_RUNPATH_SEARCH_PATHS = "$(inherited) @executable_path/Frameworks";
				PRODUCT_BUNDLE_IDENTIFIER = com.quikr.Outlook;
				PRODUCT_NAME = "$(TARGET_NAME)";
				SWIFT_VERSION = 3.0;
			};
			name = Release;
		};
		024BDFCA1F5B3CCA00CEEAE0 /* Debug */ = {
			isa = XCBuildConfiguration;
			buildSettings = {
				ALWAYS_EMBED_SWIFT_STANDARD_LIBRARIES = YES;
				BUNDLE_LOADER = "$(TEST_HOST)";
				DEVELOPMENT_TEAM = 236WEL7W7T;
				INFOPLIST_FILE = OutlookTests/Info.plist;
				LD_RUNPATH_SEARCH_PATHS = "$(inherited) @executable_path/Frameworks @loader_path/Frameworks";
				PRODUCT_BUNDLE_IDENTIFIER = com.quikr.OutlookTests;
				PRODUCT_NAME = "$(TARGET_NAME)";
				SWIFT_VERSION = 3.0;
				TEST_HOST = "$(BUILT_PRODUCTS_DIR)/Outlook.app/Outlook";
			};
			name = Debug;
		};
		024BDFCB1F5B3CCA00CEEAE0 /* Release */ = {
			isa = XCBuildConfiguration;
			buildSettings = {
				ALWAYS_EMBED_SWIFT_STANDARD_LIBRARIES = YES;
				BUNDLE_LOADER = "$(TEST_HOST)";
				DEVELOPMENT_TEAM = 236WEL7W7T;
				INFOPLIST_FILE = OutlookTests/Info.plist;
				LD_RUNPATH_SEARCH_PATHS = "$(inherited) @executable_path/Frameworks @loader_path/Frameworks";
				PRODUCT_BUNDLE_IDENTIFIER = com.quikr.OutlookTests;
				PRODUCT_NAME = "$(TARGET_NAME)";
				SWIFT_VERSION = 3.0;
				TEST_HOST = "$(BUILT_PRODUCTS_DIR)/Outlook.app/Outlook";
			};
			name = Release;
		};
		024BDFCD1F5B3CCA00CEEAE0 /* Debug */ = {
			isa = XCBuildConfiguration;
			buildSettings = {
				ALWAYS_EMBED_SWIFT_STANDARD_LIBRARIES = YES;
				DEVELOPMENT_TEAM = 236WEL7W7T;
				INFOPLIST_FILE = OutlookUITests/Info.plist;
				LD_RUNPATH_SEARCH_PATHS = "$(inherited) @executable_path/Frameworks @loader_path/Frameworks";
				PRODUCT_BUNDLE_IDENTIFIER = com.quikr.OutlookUITests;
				PRODUCT_NAME = "$(TARGET_NAME)";
				SWIFT_VERSION = 3.0;
				TEST_TARGET_NAME = Outlook;
			};
			name = Debug;
		};
		024BDFCE1F5B3CCA00CEEAE0 /* Release */ = {
			isa = XCBuildConfiguration;
			buildSettings = {
				ALWAYS_EMBED_SWIFT_STANDARD_LIBRARIES = YES;
				DEVELOPMENT_TEAM = 236WEL7W7T;
				INFOPLIST_FILE = OutlookUITests/Info.plist;
				LD_RUNPATH_SEARCH_PATHS = "$(inherited) @executable_path/Frameworks @loader_path/Frameworks";
				PRODUCT_BUNDLE_IDENTIFIER = com.quikr.OutlookUITests;
				PRODUCT_NAME = "$(TARGET_NAME)";
				SWIFT_VERSION = 3.0;
				TEST_TARGET_NAME = Outlook;
			};
			name = Release;
		};
/* End XCBuildConfiguration section */

/* Begin XCConfigurationList section */
		024BDF961F5B3CC900CEEAE0 /* Build configuration list for PBXProject "Outlook" */ = {
			isa = XCConfigurationList;
			buildConfigurations = (
				024BDFC41F5B3CCA00CEEAE0 /* Debug */,
				024BDFC51F5B3CCA00CEEAE0 /* Release */,
			);
			defaultConfigurationIsVisible = 0;
			defaultConfigurationName = Release;
		};
		024BDFC61F5B3CCA00CEEAE0 /* Build configuration list for PBXNativeTarget "Outlook" */ = {
			isa = XCConfigurationList;
			buildConfigurations = (
				024BDFC71F5B3CCA00CEEAE0 /* Debug */,
				024BDFC81F5B3CCA00CEEAE0 /* Release */,
			);
			defaultConfigurationIsVisible = 0;
			defaultConfigurationName = Release;
		};
		024BDFC91F5B3CCA00CEEAE0 /* Build configuration list for PBXNativeTarget "OutlookTests" */ = {
			isa = XCConfigurationList;
			buildConfigurations = (
				024BDFCA1F5B3CCA00CEEAE0 /* Debug */,
				024BDFCB1F5B3CCA00CEEAE0 /* Release */,
			);
			defaultConfigurationIsVisible = 0;
			defaultConfigurationName = Release;
		};
		024BDFCC1F5B3CCA00CEEAE0 /* Build configuration list for PBXNativeTarget "OutlookUITests" */ = {
			isa = XCConfigurationList;
			buildConfigurations = (
				024BDFCD1F5B3CCA00CEEAE0 /* Debug */,
				024BDFCE1F5B3CCA00CEEAE0 /* Release */,
			);
			defaultConfigurationIsVisible = 0;
			defaultConfigurationName = Release;
		};
/* End XCConfigurationList section */

/* Begin XCVersionGroup section */
		024BDFA51F5B3CC900CEEAE0 /* Outlook.xcdatamodeld */ = {
			isa = XCVersionGroup;
			children = (
				024BDFA61F5B3CC900CEEAE0 /* Outlook.xcdatamodel */,
			);
			currentVersion = 024BDFA61F5B3CC900CEEAE0 /* Outlook.xcdatamodel */;
			path = Outlook.xcdatamodeld;
			sourceTree = "<group>";
			versionGroupType = wrapper.xcdatamodel;
		};
/* End XCVersionGroup section */
	};
	rootObject = 024BDF931F5B3CC900CEEAE0 /* Project object */;
}
